
Microsoft Visual Studio Solution File, Format Version 12.00
# Visual Studio Version 17
VisualStudioVersion = 17.2.32516.85
MinimumVisualStudioVersion = 10.0.40219.1
Project("{FAE04EC0-301F-11D3-BF4B-00C04F79EFBC}") = "ReceptiDeWebAPI", "ReceptiDeWebAPI\ReceptiDeWebAPI.csproj", "{0E5E9E4E-1C1B-4054-9208-068965A24461}"
EndProject
Global
	GlobalSection(SolutionConfigurationPlatforms) = preSolution
		Debug|Any CPU = Debug|Any CPU
		Release|Any CPU = Release|Any CPU
	EndGlobalSection
	GlobalSection(ProjectConfigurationPlatforms) = postSolution
		{0E5E9E4E-1C1B-4054-9208-068965A24461}.Debug|Any CPU.ActiveCfg = Debug|Any CPU
		{0E5E9E4E-1C1B-4054-9208-068965A24461}.Debug|Any CPU.Build.0 = Debug|Any CPU
		{0E5E9E4E-1C1B-4054-9208-068965A24461}.Release|Any CPU.ActiveCfg = Release|Any CPU
		{0E5E9E4E-1C1B-4054-9208-068965A24461}.Release|Any CPU.Build.0 = Release|Any CPU
	EndGlobalSection
	GlobalSection(SolutionProperties) = preSolution
		HideSolutionNode = FALSE
	EndGlobalSection
	GlobalSection(ExtensibilityGlobals) = postSolution
		SolutionGuid = {3439B915-C255-4EB8-B8BE-1BE914FEFCFD}
	EndGlobalSection
EndGlobal
